// !$*UTF8*$!
{
	archiveVersion = 1;
	classes = {
	};
	objectVersion = 46;
	objects = {

/* Begin PBXBuildFile section */
		13727FC315194D783951565C /* Pods_world_weather.framework in Frameworks */ = {isa = PBXBuildFile; fileRef = 39E499E638CD35086635CB38 /* Pods_world_weather.framework */; };
		752028721CAE5D5100C2BEFB /* master_of_break.ttf in Resources */ = {isa = PBXBuildFile; fileRef = 752028711CAE5D5100C2BEFB /* master_of_break.ttf */; };
		7520287C1CAE644B00C2BEFB /* Place.swift in Sources */ = {isa = PBXBuildFile; fileRef = 7520287B1CAE644B00C2BEFB /* Place.swift */; };
		752BD32F1CAE6FFD00CA83CB /* PlaceVC.swift in Sources */ = {isa = PBXBuildFile; fileRef = 752BD32E1CAE6FFD00CA83CB /* PlaceVC.swift */; };
		752BD3321CAE713200CA83CB /* Constants.swift in Sources */ = {isa = PBXBuildFile; fileRef = 752BD3311CAE713200CA83CB /* Constants.swift */; };
		756BD1811CAE54C900C53D83 /* AppDelegate.swift in Sources */ = {isa = PBXBuildFile; fileRef = 756BD1801CAE54C900C53D83 /* AppDelegate.swift */; };
		756BD1831CAE54C900C53D83 /* ViewController.swift in Sources */ = {isa = PBXBuildFile; fileRef = 756BD1821CAE54C900C53D83 /* ViewController.swift */; };
		756BD1861CAE54C900C53D83 /* Main.storyboard in Resources */ = {isa = PBXBuildFile; fileRef = 756BD1841CAE54C900C53D83 /* Main.storyboard */; };
		756BD1881CAE54C900C53D83 /* Assets.xcassets in Resources */ = {isa = PBXBuildFile; fileRef = 756BD1871CAE54C900C53D83 /* Assets.xcassets */; };
		756BD18B1CAE54C900C53D83 /* LaunchScreen.storyboard in Resources */ = {isa = PBXBuildFile; fileRef = 756BD1891CAE54C900C53D83 /* LaunchScreen.storyboard */; };
		75B6638E1CAFCE6C0095A557 /* PageVC.swift in Sources */ = {isa = PBXBuildFile; fileRef = 75B6638D1CAFCE6C0095A557 /* PageVC.swift */; };
		75B663901CAFDB280095A557 /* Global.swift in Sources */ = {isa = PBXBuildFile; fileRef = 75B6638F1CAFDB280095A557 /* Global.swift */; };
/* End PBXBuildFile section */

/* Begin PBXFileReference section */
		39E499E638CD35086635CB38 /* Pods_world_weather.framework */ = {isa = PBXFileReference; explicitFileType = wrapper.framework; includeInIndex = 0; path = Pods_world_weather.framework; sourceTree = BUILT_PRODUCTS_DIR; };
		453367FE5057799A7548876C /* Pods-world-weather.release.xcconfig */ = {isa = PBXFileReference; includeInIndex = 1; lastKnownFileType = text.xcconfig; name = "Pods-world-weather.release.xcconfig"; path = "Pods/Target Support Files/Pods-world-weather/Pods-world-weather.release.xcconfig"; sourceTree = "<group>"; };
		752028711CAE5D5100C2BEFB /* master_of_break.ttf */ = {isa = PBXFileReference; lastKnownFileType = file; path = master_of_break.ttf; sourceTree = "<group>"; };
		7520287B1CAE644B00C2BEFB /* Place.swift */ = {isa = PBXFileReference; fileEncoding = 4; lastKnownFileType = sourcecode.swift; path = Place.swift; sourceTree = "<group>"; };
		752BD32E1CAE6FFD00CA83CB /* PlaceVC.swift */ = {isa = PBXFileReference; fileEncoding = 4; lastKnownFileType = sourcecode.swift; path = PlaceVC.swift; sourceTree = "<group>"; };
		752BD3311CAE713200CA83CB /* Constants.swift */ = {isa = PBXFileReference; fileEncoding = 4; lastKnownFileType = sourcecode.swift; path = Constants.swift; sourceTree = "<group>"; };
		75447339693A633B0E04CC4A /* Pods-world-weather.debug.xcconfig */ = {isa = PBXFileReference; includeInIndex = 1; lastKnownFileType = text.xcconfig; name = "Pods-world-weather.debug.xcconfig"; path = "Pods/Target Support Files/Pods-world-weather/Pods-world-weather.debug.xcconfig"; sourceTree = "<group>"; };
		756BD17D1CAE54C900C53D83 /* world-weather.app */ = {isa = PBXFileReference; explicitFileType = wrapper.application; includeInIndex = 0; path = "world-weather.app"; sourceTree = BUILT_PRODUCTS_DIR; };
		756BD1801CAE54C900C53D83 /* AppDelegate.swift */ = {isa = PBXFileReference; lastKnownFileType = sourcecode.swift; path = AppDelegate.swift; sourceTree = "<group>"; };
		756BD1821CAE54C900C53D83 /* ViewController.swift */ = {isa = PBXFileReference; lastKnownFileType = sourcecode.swift; path = ViewController.swift; sourceTree = "<group>"; };
		756BD1851CAE54C900C53D83 /* Base */ = {isa = PBXFileReference; lastKnownFileType = file.storyboard; name = Base; path = Base.lproj/Main.storyboard; sourceTree = "<group>"; };
		756BD1871CAE54C900C53D83 /* Assets.xcassets */ = {isa = PBXFileReference; lastKnownFileType = folder.assetcatalog; path = Assets.xcassets; sourceTree = "<group>"; };
		756BD18A1CAE54C900C53D83 /* Base */ = {isa = PBXFileReference; lastKnownFileType = file.storyboard; name = Base; path = Base.lproj/LaunchScreen.storyboard; sourceTree = "<group>"; };
		756BD18C1CAE54C900C53D83 /* Info.plist */ = {isa = PBXFileReference; lastKnownFileType = text.plist.xml; path = Info.plist; sourceTree = "<group>"; };
		75B6638D1CAFCE6C0095A557 /* PageVC.swift */ = {isa = PBXFileReference; fileEncoding = 4; lastKnownFileType = sourcecode.swift; path = PageVC.swift; sourceTree = "<group>"; };
		75B6638F1CAFDB280095A557 /* Global.swift */ = {isa = PBXFileReference; fileEncoding = 4; lastKnownFileType = sourcecode.swift; path = Global.swift; sourceTree = "<group>"; };
/* End PBXFileReference section */

/* Begin PBXFrameworksBuildPhase section */
		756BD17A1CAE54C900C53D83 /* Frameworks */ = {
			isa = PBXFrameworksBuildPhase;
			buildActionMask = 2147483647;
			files = (
				13727FC315194D783951565C /* Pods_world_weather.framework in Frameworks */,
			);
			runOnlyForDeploymentPostprocessing = 0;
		};
/* End PBXFrameworksBuildPhase section */

/* Begin PBXGroup section */
		752028751CAE604700C2BEFB /* Model */ = {
			isa = PBXGroup;
			children = (
				7520287B1CAE644B00C2BEFB /* Place.swift */,
				75B6638F1CAFDB280095A557 /* Global.swift */,
			);
			name = Model;
			sourceTree = "<group>";
		};
		752028761CAE605100C2BEFB /* View */ = {
			isa = PBXGroup;
			children = (
				756BD1841CAE54C900C53D83 /* Main.storyboard */,
				756BD1891CAE54C900C53D83 /* LaunchScreen.storyboard */,
			);
			name = View;
			sourceTree = "<group>";
		};
		752028771CAE605700C2BEFB /* Controller */ = {
			isa = PBXGroup;
			children = (
				756BD1821CAE54C900C53D83 /* ViewController.swift */,
				752BD32E1CAE6FFD00CA83CB /* PlaceVC.swift */,
				75B6638D1CAFCE6C0095A557 /* PageVC.swift */,
			);
			name = Controller;
			sourceTree = "<group>";
		};
		752028781CAE607E00C2BEFB /* Resources */ = {
			isa = PBXGroup;
			children = (
				752028711CAE5D5100C2BEFB /* master_of_break.ttf */,
			);
			name = Resources;
			sourceTree = "<group>";
		};
		752BD3301CAE712200CA83CB /* Util */ = {
			isa = PBXGroup;
			children = (
				752BD3311CAE713200CA83CB /* Constants.swift */,
			);
			name = Util;
			sourceTree = "<group>";
		};
		756BD1741CAE54C900C53D83 = {
			isa = PBXGroup;
			children = (
				756BD17F1CAE54C900C53D83 /* world-weather */,
				756BD17E1CAE54C900C53D83 /* Products */,
				EABCE957C25F25D825BDD796 /* Pods */,
				A121CE457C669933B93D3458 /* Frameworks */,
			);
			sourceTree = "<group>";
		};
		756BD17E1CAE54C900C53D83 /* Products */ = {
			isa = PBXGroup;
			children = (
				756BD17D1CAE54C900C53D83 /* world-weather.app */,
			);
			name = Products;
			sourceTree = "<group>";
		};
		756BD17F1CAE54C900C53D83 /* world-weather */ = {
			isa = PBXGroup;
			children = (
				752BD3301CAE712200CA83CB /* Util */,
				752028781CAE607E00C2BEFB /* Resources */,
				752028751CAE604700C2BEFB /* Model */,
				752028761CAE605100C2BEFB /* View */,
				752028771CAE605700C2BEFB /* Controller */,
				756BD1801CAE54C900C53D83 /* AppDelegate.swift */,
				756BD1871CAE54C900C53D83 /* Assets.xcassets */,
				756BD18C1CAE54C900C53D83 /* Info.plist */,
			);
			path = "world-weather";
			sourceTree = "<group>";
		};
		A121CE457C669933B93D3458 /* Frameworks */ = {
			isa = PBXGroup;
			children = (
				39E499E638CD35086635CB38 /* Pods_world_weather.framework */,
			);
			name = Frameworks;
			sourceTree = "<group>";
		};
		EABCE957C25F25D825BDD796 /* Pods */ = {
			isa = PBXGroup;
			children = (
				75447339693A633B0E04CC4A /* Pods-world-weather.debug.xcconfig */,
				453367FE5057799A7548876C /* Pods-world-weather.release.xcconfig */,
			);
			name = Pods;
			sourceTree = "<group>";
		};
/* End PBXGroup section */

/* Begin PBXNativeTarget section */
		756BD17C1CAE54C900C53D83 /* world-weather */ = {
			isa = PBXNativeTarget;
			buildConfigurationList = 756BD18F1CAE54C900C53D83 /* Build configuration list for PBXNativeTarget "world-weather" */;
			buildPhases = (
				CD4BFEE8B6ECC58FE88164C2 /* Check Pods Manifest.lock */,
				756BD1791CAE54C900C53D83 /* Sources */,
				756BD17A1CAE54C900C53D83 /* Frameworks */,
				756BD17B1CAE54C900C53D83 /* Resources */,
				E0A7FAE597E7171CD323E326 /* Embed Pods Frameworks */,
				E51DDC1403100EEB70413EEF /* Copy Pods Resources */,
			);
			buildRules = (
			);
			dependencies = (
			);
			name = "world-weather";
			productName = "world-weather";
			productReference = 756BD17D1CAE54C900C53D83 /* world-weather.app */;
			productType = "com.apple.product-type.application";
		};
/* End PBXNativeTarget section */

/* Begin PBXProject section */
		756BD1751CAE54C900C53D83 /* Project object */ = {
			isa = PBXProject;
			attributes = {
				LastSwiftUpdateCheck = 0730;
				LastUpgradeCheck = 0730;
				ORGANIZATIONNAME = "Lewis Black";
				TargetAttributes = {
					756BD17C1CAE54C900C53D83 = {
						CreatedOnToolsVersion = 7.3;
					};
				};
			};
			buildConfigurationList = 756BD1781CAE54C900C53D83 /* Build configuration list for PBXProject "world-weather" */;
			compatibilityVersion = "Xcode 3.2";
			developmentRegion = English;
			hasScannedForEncodings = 0;
			knownRegions = (
				en,
				Base,
			);
			mainGroup = 756BD1741CAE54C900C53D83;
			productRefGroup = 756BD17E1CAE54C900C53D83 /* Products */;
			projectDirPath = "";
			projectRoot = "";
			targets = (
				756BD17C1CAE54C900C53D83 /* world-weather */,
			);
		};
/* End PBXProject section */

/* Begin PBXResourcesBuildPhase section */
		756BD17B1CAE54C900C53D83 /* Resources */ = {
			isa = PBXResourcesBuildPhase;
			buildActionMask = 2147483647;
			files = (
				756BD18B1CAE54C900C53D83 /* LaunchScreen.storyboard in Resources */,
				756BD1881CAE54C900C53D83 /* Assets.xcassets in Resources */,
				756BD1861CAE54C900C53D83 /* Main.storyboard in Resources */,
				752028721CAE5D5100C2BEFB /* master_of_break.ttf in Resources */,
			);
			runOnlyForDeploymentPostprocessing = 0;
		};
/* End PBXResourcesBuildPhase section */

/* Begin PBXShellScriptBuildPhase section */
		CD4BFEE8B6ECC58FE88164C2 /* Check Pods Manifest.lock */ = {
			isa = PBXShellScriptBuildPhase;
			buildActionMask = 2147483647;
			files = (
			);
			inputPaths = (
			);
			name = "Check Pods Manifest.lock";
			outputPaths = (
			);
			runOnlyForDeploymentPostprocessing = 0;
			shellPath = /bin/sh;
			shellScript = "diff \"${PODS_ROOT}/../Podfile.lock\" \"${PODS_ROOT}/Manifest.lock\" > /dev/null\nif [[ $? != 0 ]] ; then\n    cat << EOM\nerror: The sandbox is not in sync with the Podfile.lock. Run 'pod install' or update your CocoaPods installation.\nEOM\n    exit 1\nfi\n";
			showEnvVarsInLog = 0;
		};
		E0A7FAE597E7171CD323E326 /* Embed Pods Frameworks */ = {
			isa = PBXShellScriptBuildPhase;
			buildActionMask = 2147483647;
			files = (
			);
			inputPaths = (
			);
			name = "Embed Pods Frameworks";
			outputPaths = (
			);
			runOnlyForDeploymentPostprocessing = 0;
			shellPath = /bin/sh;
			shellScript = "\"${SRCROOT}/Pods/Target Support Files/Pods-world-weather/Pods-world-weather-frameworks.sh\"\n";
			showEnvVarsInLog = 0;
		};
		E51DDC1403100EEB70413EEF /* Copy Pods Resources */ = {
			isa = PBXShellScriptBuildPhase;
			buildActionMask = 2147483647;
			files = (
			);
			inputPaths = (
			);
			name = "Copy Pods Resources";
			outputPaths = (
			);
			runOnlyForDeploymentPostprocessing = 0;
			shellPath = /bin/sh;
			shellScript = "\"${SRCROOT}/Pods/Target Support Files/Pods-world-weather/Pods-world-weather-resources.sh\"\n";
			showEnvVarsInLog = 0;
		};
/* End PBXShellScriptBuildPhase section */

/* Begin PBXSourcesBuildPhase section */
		756BD1791CAE54C900C53D83 /* Sources */ = {
			isa = PBXSourcesBuildPhase;
			buildActionMask = 2147483647;
			files = (
				756BD1831CAE54C900C53D83 /* ViewController.swift in Sources */,
				756BD1811CAE54C900C53D83 /* AppDelegate.swift in Sources */,
				752BD32F1CAE6FFD00CA83CB /* PlaceVC.swift in Sources */,
				75B6638E1CAFCE6C0095A557 /* PageVC.swift in Sources */,
				7520287C1CAE644B00C2BEFB /* Place.swift in Sources */,
				752BD3321CAE713200CA83CB /* Constants.swift in Sources */,
				75B663901CAFDB280095A557 /* Global.swift in Sources */,
			);
			runOnlyForDeploymentPostprocessing = 0;
		};
/* End PBXSourcesBuildPhase section */

/* Begin PBXVariantGroup section */
		756BD1841CAE54C900C53D83 /* Main.storyboard */ = {
			isa = PBXVariantGroup;
			children = (
				756BD1851CAE54C900C53D83 /* Base */,
			);
			name = Main.storyboard;
			sourceTree = "<group>";
		};
		756BD1891CAE54C900C53D83 /* LaunchScreen.storyboard */ = {
			isa = PBXVariantGroup;
			children = (
				756BD18A1CAE54C900C53D83 /* Base */,
			);
			name = LaunchScreen.storyboard;
			sourceTree = "<group>";
		};
/* End PBXVariantGroup section */

/* Begin XCBuildConfiguration section */
		756BD18D1CAE54C900C53D83 /* Debug */ = {
			isa = XCBuildConfiguration;
			buildSettings = {
				ALWAYS_SEARCH_USER_PATHS = NO;
				CLANG_ANALYZER_NONNULL = YES;
				CLANG_CXX_LANGUAGE_STANDARD = "gnu++0x";
				CLANG_CXX_LIBRARY = "libc++";
				CLANG_ENABLE_MODULES = YES;
				CLANG_ENABLE_OBJC_ARC = YES;
				CLANG_WARN_BOOL_CONVERSION = YES;
				CLANG_WARN_CONSTANT_CONVERSION = YES;
				CLANG_WARN_DIRECT_OBJC_ISA_USAGE = YES_ERROR;
				CLANG_WARN_EMPTY_BODY = YES;
				CLANG_WARN_ENUM_CONVERSION = YES;
				CLANG_WARN_INT_CONVERSION = YES;
				CLANG_WARN_OBJC_ROOT_CLASS = YES_ERROR;
				CLANG_WARN_UNREACHABLE_CODE = YES;
				CLANG_WARN__DUPLICATE_METHOD_MATCH = YES;
				"CODE_SIGN_IDENTITY[sdk=iphoneos*]" = "iPhone Developer";
				COPY_PHASE_STRIP = NO;
				DEBUG_INFORMATION_FORMAT = dwarf;
				ENABLE_STRICT_OBJC_MSGSEND = YES;
				ENABLE_TESTABILITY = YES;
				GCC_C_LANGUAGE_STANDARD = gnu99;
				GCC_DYNAMIC_NO_PIC = NO;
				GCC_NO_COMMON_BLOCKS = YES;
				GCC_OPTIMIZATION_LEVEL = 0;
				GCC_PREPROCESSOR_DEFINITIONS = (
					"DEBUG=1",
					"$(inherited)",
				);
				GCC_WARN_64_TO_32_BIT_CONVERSION = YES;
				GCC_WARN_ABOUT_RETURN_TYPE = YES_ERROR;
				GCC_WARN_UNDECLARED_SELECTOR = YES;
				GCC_WARN_UNINITIALIZED_AUTOS = YES_AGGRESSIVE;
				GCC_WARN_UNUSED_FUNCTION = YES;
				GCC_WARN_UNUSED_VARIABLE = YES;
				IPHONEOS_DEPLOYMENT_TARGET = 9.3;
				MTL_ENABLE_DEBUG_INFO = YES;
				ONLY_ACTIVE_ARCH = YES;
				SDKROOT = iphoneos;
				SWIFT_OPTIMIZATION_LEVEL = "-Onone";
				TARGETED_DEVICE_FAMILY = "1,2";
			};
			name = Debug;
		};
		756BD18E1CAE54C900C53D83 /* Release */ = {
			isa = XCBuildConfiguration;
			buildSettings = {
				ALWAYS_SEARCH_USER_PATHS = NO;
				CLANG_ANALYZER_NONNULL = YES;
				CLANG_CXX_LANGUAGE_STANDARD = "gnu++0x";
				CLANG_CXX_LIBRARY = "libc++";
				CLANG_ENABLE_MODULES = YES;
				CLANG_ENABLE_OBJC_ARC = YES;
				CLANG_WARN_BOOL_CONVERSION = YES;
				CLANG_WARN_CONSTANT_CONVERSION = YES;
				CLANG_WARN_DIRECT_OBJC_ISA_USAGE = YES_ERROR;
				CLANG_WARN_EMPTY_BODY = YES;
				CLANG_WARN_ENUM_CONVERSION = YES;
				CLANG_WARN_INT_CONVERSION = YES;
				CLANG_WARN_OBJC_ROOT_CLASS = YES_ERROR;
				CLANG_WARN_UNREACHABLE_CODE = YES;
				CLANG_WARN__DUPLICATE_METHOD_MATCH = YES;
				"CODE_SIGN_IDENTITY[sdk=iphoneos*]" = "iPhone Developer";
				COPY_PHASE_STRIP = NO;
				DEBUG_INFORMATION_FORMAT = "dwarf-with-dsym";
				ENABLE_NS_ASSERTIONS = NO;
				ENABLE_STRICT_OBJC_MSGSEND = YES;
				GCC_C_LANGUAGE_STANDARD = gnu99;
				GCC_NO_COMMON_BLOCKS = YES;
				GCC_WARN_64_TO_32_BIT_CONVERSION = YES;
				GCC_WARN_ABOUT_RETURN_TYPE = YES_ERROR;
				GCC_WARN_UNDECLARED_SELECTOR = YES;
				GCC_WARN_UNINITIALIZED_AUTOS = YES_AGGRESSIVE;
				GCC_WARN_UNUSED_FUNCTION = YES;
				GCC_WARN_UNUSED_VARIABLE = YES;
				IPHONEOS_DEPLOYMENT_TARGET = 9.3;
				MTL_ENABLE_DEBUG_INFO = NO;
				SDKROOT = iphoneos;
				TARGETED_DEVICE_FAMILY = "1,2";
				VALIDATE_PRODUCT = YES;
			};
			name = Release;
		};
		756BD1901CAE54C900C53D83 /* Debug */ = {
			isa = XCBuildConfiguration;
			baseConfigurationReference = 75447339693A633B0E04CC4A /* Pods-world-weather.debug.xcconfig */;
			buildSettings = {
				ASSETCATALOG_COMPILER_APPICON_NAME = AppIcon;
				INFOPLIST_FILE = "world-weather/Info.plist";
				LD_RUNPATH_SEARCH_PATHS = "$(inherited) @executable_path/Frameworks";
				PRODUCT_BUNDLE_IDENTIFIER = "com.lewisblack.world-weather";
				PRODUCT_NAME = "$(TARGET_NAME)";
			};
			name = Debug;
		};
		756BD1911CAE54C900C53D83 /* Release */ = {
			isa = XCBuildConfiguration;
			baseConfigurationReference = 453367FE5057799A7548876C /* Pods-world-weather.release.xcconfig */;
			buildSettings = {
				ASSETCATALOG_COMPILER_APPICON_NAME = AppIcon;
				INFOPLIST_FILE = "world-weather/Info.plist";
				LD_RUNPATH_SEARCH_PATHS = "$(inherited) @executable_path/Frameworks";
				PRODUCT_BUNDLE_IDENTIFIER = "com.lewisblack.world-weather";
				PRODUCT_NAME = "$(TARGET_NAME)";
			};
			name = Release;
		};
/* End XCBuildConfiguration section */

/* Begin XCConfigurationList section */
		756BD1781CAE54C900C53D83 /* Build configuration list for PBXProject "world-weather" */ = {
			isa = XCConfigurationList;
			buildConfigurations = (
				756BD18D1CAE54C900C53D83 /* Debug */,
				756BD18E1CAE54C900C53D83 /* Release */,
			);
			defaultConfigurationIsVisible = 0;
			defaultConfigurationName = Release;
		};
		756BD18F1CAE54C900C53D83 /* Build configuration list for PBXNativeTarget "world-weather" */ = {
			isa = XCConfigurationList;
			buildConfigurations = (
				756BD1901CAE54C900C53D83 /* Debug */,
				756BD1911CAE54C900C53D83 /* Release */,
			);
			defaultConfigurationIsVisible = 0;
			defaultConfigurationName = Release;
		};
/* End XCConfigurationList section */
	};
	rootObject = 756BD1751CAE54C900C53D83 /* Project object */;
}
